
Microsoft Visual Studio Solution File, Format Version 12.00
# Visual Studio Version 17
VisualStudioVersion = 17.4.33110.190
MinimumVisualStudioVersion = 10.0.40219.1
Project("{FAE04EC0-301F-11D3-BF4B-00C04F79EFBC}") = "GroupProject_4047_4036", "GroupProject_4047_4036.csproj", "{BCF62813-8AA5-47ED-BCE4-BA75CF98446B}"
EndProject
Global
	GlobalSection(SolutionConfigurationPlatforms) = preSolution
		Debug|Any CPU = Debug|Any CPU
		Release|Any CPU = Release|Any CPU
	EndGlobalSection
	GlobalSection(ProjectConfigurationPlatforms) = postSolution
		{BCF62813-8AA5-47ED-BCE4-BA75CF98446B}.Debug|Any CPU.ActiveCfg = Debug|Any CPU
		{BCF62813-8AA5-47ED-BCE4-BA75CF98446B}.Debug|Any CPU.Build.0 = Debug|Any CPU
		{BCF62813-8AA5-47ED-BCE4-BA75CF98446B}.Release|Any CPU.ActiveCfg = Release|Any CPU
		{BCF62813-8AA5-47ED-BCE4-BA75CF98446B}.Release|Any CPU.Build.0 = Release|Any CPU
	EndGlobalSection
	GlobalSection(SolutionProperties) = preSolution
		HideSolutionNode = FALSE
	EndGlobalSection
	GlobalSection(ExtensibilityGlobals) = postSolution
		SolutionGuid = {F4F61C6C-980C-4505-A7D8-46D281BEE1E9}
	EndGlobalSection
EndGlobal
